
Microsoft Visual Studio Solution File, Format Version 12.00
# Visual Studio Version 16
VisualStudioVersion = 16.0.32228.343
MinimumVisualStudioVersion = 10.0.40219.1
Project("{FAE04EC0-301F-11D3-BF4B-00C04F79EFBC}") = "TryCatchExceptionAssignment", "TryCatchExceptionAssignment\TryCatchExceptionAssignment.csproj", "{688969C6-5546-404C-B2F4-D75730806483}"
EndProject
Global
	GlobalSection(SolutionConfigurationPlatforms) = preSolution
		Debug|Any CPU = Debug|Any CPU
		Release|Any CPU = Release|Any CPU
	EndGlobalSection
	GlobalSection(ProjectConfigurationPlatforms) = postSolution
		{688969C6-5546-404C-B2F4-D75730806483}.Debug|Any CPU.ActiveCfg = Debug|Any CPU
		{688969C6-5546-404C-B2F4-D75730806483}.Debug|Any CPU.Build.0 = Debug|Any CPU
		{688969C6-5546-404C-B2F4-D75730806483}.Release|Any CPU.ActiveCfg = Release|Any CPU
		{688969C6-5546-404C-B2F4-D75730806483}.Release|Any CPU.Build.0 = Release|Any CPU
	EndGlobalSection
	GlobalSection(SolutionProperties) = preSolution
		HideSolutionNode = FALSE
	EndGlobalSection
	GlobalSection(ExtensibilityGlobals) = postSolution
		SolutionGuid = {E30FE9E9-F88E-469E-8B01-DA47F6FC6573}
	EndGlobalSection
EndGlobal
