
Microsoft Visual Studio Solution File, Format Version 12.00
# Visual Studio Version 16
VisualStudioVersion = 16.0.31911.196
MinimumVisualStudioVersion = 10.0.40219.1
Project("{FAE04EC0-301F-11D3-BF4B-00C04F79EFBC}") = "stringsAndIntegers", "stringsAndIntegers\stringsAndIntegers.csproj", "{C139E2FE-D4F2-4A27-AEFE-76157D04DABF}"
EndProject
Global
	GlobalSection(SolutionConfigurationPlatforms) = preSolution
		Debug|Any CPU = Debug|Any CPU
		Release|Any CPU = Release|Any CPU
	EndGlobalSection
	GlobalSection(ProjectConfigurationPlatforms) = postSolution
		{C139E2FE-D4F2-4A27-AEFE-76157D04DABF}.Debug|Any CPU.ActiveCfg = Debug|Any CPU
		{C139E2FE-D4F2-4A27-AEFE-76157D04DABF}.Debug|Any CPU.Build.0 = Debug|Any CPU
		{C139E2FE-D4F2-4A27-AEFE-76157D04DABF}.Release|Any CPU.ActiveCfg = Release|Any CPU
		{C139E2FE-D4F2-4A27-AEFE-76157D04DABF}.Release|Any CPU.Build.0 = Release|Any CPU
	EndGlobalSection
	GlobalSection(SolutionProperties) = preSolution
		HideSolutionNode = FALSE
	EndGlobalSection
	GlobalSection(ExtensibilityGlobals) = postSolution
		SolutionGuid = {12B1BE13-7A00-4E3A-8D14-D9359C40C4EA}
	EndGlobalSection
EndGlobal
