
Microsoft Visual Studio Solution File, Format Version 12.00
# Visual Studio Version 16
VisualStudioVersion = 16.0.31911.196
MinimumVisualStudioVersion = 10.0.40219.1
Project("{FAE04EC0-301F-11D3-BF4B-00C04F79EFBC}") = "Lambda Submission", "Lambda Submission\Lambda Submission.csproj", "{7083CBF5-1227-49D0-A1C0-695EC5A4C06F}"
EndProject
Global
	GlobalSection(SolutionConfigurationPlatforms) = preSolution
		Debug|Any CPU = Debug|Any CPU
		Release|Any CPU = Release|Any CPU
	EndGlobalSection
	GlobalSection(ProjectConfigurationPlatforms) = postSolution
		{7083CBF5-1227-49D0-A1C0-695EC5A4C06F}.Debug|Any CPU.ActiveCfg = Debug|Any CPU
		{7083CBF5-1227-49D0-A1C0-695EC5A4C06F}.Debug|Any CPU.Build.0 = Debug|Any CPU
		{7083CBF5-1227-49D0-A1C0-695EC5A4C06F}.Release|Any CPU.ActiveCfg = Release|Any CPU
		{7083CBF5-1227-49D0-A1C0-695EC5A4C06F}.Release|Any CPU.Build.0 = Release|Any CPU
	EndGlobalSection
	GlobalSection(SolutionProperties) = preSolution
		HideSolutionNode = FALSE
	EndGlobalSection
	GlobalSection(ExtensibilityGlobals) = postSolution
		SolutionGuid = {D8545B3E-A3F2-474C-ACAA-87FF637281DA}
	EndGlobalSection
EndGlobal
