
Microsoft Visual Studio Solution File, Format Version 12.00
# Visual Studio Version 16
VisualStudioVersion = 16.0.31911.196
MinimumVisualStudioVersion = 10.0.40219.1
Project("{FAE04EC0-301F-11D3-BF4B-00C04F79EFBC}") = "ClassSubmission", "ClassSubmission\ClassSubmission.csproj", "{18DA86F4-6FB4-4B4A-B6DB-6FACD9010EA0}"
EndProject
Global
	GlobalSection(SolutionConfigurationPlatforms) = preSolution
		Debug|Any CPU = Debug|Any CPU
		Release|Any CPU = Release|Any CPU
	EndGlobalSection
	GlobalSection(ProjectConfigurationPlatforms) = postSolution
		{18DA86F4-6FB4-4B4A-B6DB-6FACD9010EA0}.Debug|Any CPU.ActiveCfg = Debug|Any CPU
		{18DA86F4-6FB4-4B4A-B6DB-6FACD9010EA0}.Debug|Any CPU.Build.0 = Debug|Any CPU
		{18DA86F4-6FB4-4B4A-B6DB-6FACD9010EA0}.Release|Any CPU.ActiveCfg = Release|Any CPU
		{18DA86F4-6FB4-4B4A-B6DB-6FACD9010EA0}.Release|Any CPU.Build.0 = Release|Any CPU
	EndGlobalSection
	GlobalSection(SolutionProperties) = preSolution
		HideSolutionNode = FALSE
	EndGlobalSection
	GlobalSection(ExtensibilityGlobals) = postSolution
		SolutionGuid = {D216DF60-CFF1-40CF-ADAD-892FDB57F6C5}
	EndGlobalSection
EndGlobal
