
Microsoft Visual Studio Solution File, Format Version 12.00
# Visual Studio Version 16
VisualStudioVersion = 16.0.31911.196
MinimumVisualStudioVersion = 10.0.40219.1
Project("{FAE04EC0-301F-11D3-BF4B-00C04F79EFBC}") = "DateTime submission", "DateTime submission\DateTime submission.csproj", "{9885FC5F-1765-46CC-8482-5236CEDEF53A}"
EndProject
Global
	GlobalSection(SolutionConfigurationPlatforms) = preSolution
		Debug|Any CPU = Debug|Any CPU
		Release|Any CPU = Release|Any CPU
	EndGlobalSection
	GlobalSection(ProjectConfigurationPlatforms) = postSolution
		{9885FC5F-1765-46CC-8482-5236CEDEF53A}.Debug|Any CPU.ActiveCfg = Debug|Any CPU
		{9885FC5F-1765-46CC-8482-5236CEDEF53A}.Debug|Any CPU.Build.0 = Debug|Any CPU
		{9885FC5F-1765-46CC-8482-5236CEDEF53A}.Release|Any CPU.ActiveCfg = Release|Any CPU
		{9885FC5F-1765-46CC-8482-5236CEDEF53A}.Release|Any CPU.Build.0 = Release|Any CPU
	EndGlobalSection
	GlobalSection(SolutionProperties) = preSolution
		HideSolutionNode = FALSE
	EndGlobalSection
	GlobalSection(ExtensibilityGlobals) = postSolution
		SolutionGuid = {1EFCE92B-4D27-4938-AA62-D2FC5F6D82C6}
	EndGlobalSection
EndGlobal
