
Microsoft Visual Studio Solution File, Format Version 12.00
# Visual Studio Version 16
VisualStudioVersion = 16.0.31911.196
MinimumVisualStudioVersion = 10.0.40219.1
Project("{FAE04EC0-301F-11D3-BF4B-00C04F79EFBC}") = "DaysofWeekEnum", "DaysofWeekEnum\DaysofWeekEnum.csproj", "{E2FB7BFA-D810-4BF2-BA3A-B2FBD6F804D8}"
EndProject
Global
	GlobalSection(SolutionConfigurationPlatforms) = preSolution
		Debug|Any CPU = Debug|Any CPU
		Release|Any CPU = Release|Any CPU
	EndGlobalSection
	GlobalSection(ProjectConfigurationPlatforms) = postSolution
		{E2FB7BFA-D810-4BF2-BA3A-B2FBD6F804D8}.Debug|Any CPU.ActiveCfg = Debug|Any CPU
		{E2FB7BFA-D810-4BF2-BA3A-B2FBD6F804D8}.Debug|Any CPU.Build.0 = Debug|Any CPU
		{E2FB7BFA-D810-4BF2-BA3A-B2FBD6F804D8}.Release|Any CPU.ActiveCfg = Release|Any CPU
		{E2FB7BFA-D810-4BF2-BA3A-B2FBD6F804D8}.Release|Any CPU.Build.0 = Release|Any CPU
	EndGlobalSection
	GlobalSection(SolutionProperties) = preSolution
		HideSolutionNode = FALSE
	EndGlobalSection
	GlobalSection(ExtensibilityGlobals) = postSolution
		SolutionGuid = {1E71BFD8-2D93-450C-8659-9A65375CE4E8}
	EndGlobalSection
EndGlobal
