
Microsoft Visual Studio Solution File, Format Version 12.00
# Visual Studio Version 16
VisualStudioVersion = 16.0.31911.196
MinimumVisualStudioVersion = 10.0.40219.1
Project("{FAE04EC0-301F-11D3-BF4B-00C04F79EFBC}") = "Iteration", "Iteration\Iteration.csproj", "{CD9CF061-E89C-4CD8-872D-1F3C54FCB0D8}"
EndProject
Global
	GlobalSection(SolutionConfigurationPlatforms) = preSolution
		Debug|Any CPU = Debug|Any CPU
		Release|Any CPU = Release|Any CPU
	EndGlobalSection
	GlobalSection(ProjectConfigurationPlatforms) = postSolution
		{CD9CF061-E89C-4CD8-872D-1F3C54FCB0D8}.Debug|Any CPU.ActiveCfg = Debug|Any CPU
		{CD9CF061-E89C-4CD8-872D-1F3C54FCB0D8}.Debug|Any CPU.Build.0 = Debug|Any CPU
		{CD9CF061-E89C-4CD8-872D-1F3C54FCB0D8}.Release|Any CPU.ActiveCfg = Release|Any CPU
		{CD9CF061-E89C-4CD8-872D-1F3C54FCB0D8}.Release|Any CPU.Build.0 = Release|Any CPU
	EndGlobalSection
	GlobalSection(SolutionProperties) = preSolution
		HideSolutionNode = FALSE
	EndGlobalSection
	GlobalSection(ExtensibilityGlobals) = postSolution
		SolutionGuid = {5131C4A9-493D-45D0-B1D5-A73F4A441D32}
	EndGlobalSection
EndGlobal
