
Microsoft Visual Studio Solution File, Format Version 12.00
# Visual Studio Version 16
VisualStudioVersion = 16.0.31911.196
MinimumVisualStudioVersion = 10.0.40219.1
Project("{FAE04EC0-301F-11D3-BF4B-00C04F79EFBC}") = "Daily Report", "Daily Report\Daily Report.csproj", "{24357D54-DC13-48A0-BC6B-A1476ED1566C}"
EndProject
Global
	GlobalSection(SolutionConfigurationPlatforms) = preSolution
		Debug|Any CPU = Debug|Any CPU
		Release|Any CPU = Release|Any CPU
	EndGlobalSection
	GlobalSection(ProjectConfigurationPlatforms) = postSolution
		{24357D54-DC13-48A0-BC6B-A1476ED1566C}.Debug|Any CPU.ActiveCfg = Debug|Any CPU
		{24357D54-DC13-48A0-BC6B-A1476ED1566C}.Debug|Any CPU.Build.0 = Debug|Any CPU
		{24357D54-DC13-48A0-BC6B-A1476ED1566C}.Release|Any CPU.ActiveCfg = Release|Any CPU
		{24357D54-DC13-48A0-BC6B-A1476ED1566C}.Release|Any CPU.Build.0 = Release|Any CPU
	EndGlobalSection
	GlobalSection(SolutionProperties) = preSolution
		HideSolutionNode = FALSE
	EndGlobalSection
	GlobalSection(ExtensibilityGlobals) = postSolution
		SolutionGuid = {2D5663EE-CED2-4E9B-B16C-21B0D4A5AD94}
	EndGlobalSection
EndGlobal
