
Microsoft Visual Studio Solution File, Format Version 12.00
# Visual Studio Version 16
VisualStudioVersion = 16.0.31911.196
MinimumVisualStudioVersion = 10.0.40219.1
Project("{FAE04EC0-301F-11D3-BF4B-00C04F79EFBC}") = "doWhileStatement", "doWhileStatement\doWhileStatement.csproj", "{883934C0-098D-4FA5-B339-1293BC19188C}"
EndProject
Global
	GlobalSection(SolutionConfigurationPlatforms) = preSolution
		Debug|Any CPU = Debug|Any CPU
		Release|Any CPU = Release|Any CPU
	EndGlobalSection
	GlobalSection(ProjectConfigurationPlatforms) = postSolution
		{883934C0-098D-4FA5-B339-1293BC19188C}.Debug|Any CPU.ActiveCfg = Debug|Any CPU
		{883934C0-098D-4FA5-B339-1293BC19188C}.Debug|Any CPU.Build.0 = Debug|Any CPU
		{883934C0-098D-4FA5-B339-1293BC19188C}.Release|Any CPU.ActiveCfg = Release|Any CPU
		{883934C0-098D-4FA5-B339-1293BC19188C}.Release|Any CPU.Build.0 = Release|Any CPU
	EndGlobalSection
	GlobalSection(SolutionProperties) = preSolution
		HideSolutionNode = FALSE
	EndGlobalSection
	GlobalSection(ExtensibilityGlobals) = postSolution
		SolutionGuid = {B95095AA-7E73-4A68-AA31-C43A0654DED1}
	EndGlobalSection
EndGlobal
